
Microsoft Visual Studio Solution File, Format Version 12.00
# Visual Studio Version 16
VisualStudioVersion = 16.0.31229.75
MinimumVisualStudioVersion = 10.0.40219.1
Project("{FAE04EC0-301F-11D3-BF4B-00C04F79EFBC}") = "Task_4_1_1", "Task_4_1_1\Task_4_1_1.csproj", "{63BC4B7B-5DB1-4780-858F-AABEE9D151DA}"
EndProject
Global
	GlobalSection(SolutionConfigurationPlatforms) = preSolution
		Debug|Any CPU = Debug|Any CPU
		Release|Any CPU = Release|Any CPU
	EndGlobalSection
	GlobalSection(ProjectConfigurationPlatforms) = postSolution
		{63BC4B7B-5DB1-4780-858F-AABEE9D151DA}.Debug|Any CPU.ActiveCfg = Debug|Any CPU
		{63BC4B7B-5DB1-4780-858F-AABEE9D151DA}.Debug|Any CPU.Build.0 = Debug|Any CPU
		{63BC4B7B-5DB1-4780-858F-AABEE9D151DA}.Release|Any CPU.ActiveCfg = Release|Any CPU
		{63BC4B7B-5DB1-4780-858F-AABEE9D151DA}.Release|Any CPU.Build.0 = Release|Any CPU
	EndGlobalSection
	GlobalSection(SolutionProperties) = preSolution
		HideSolutionNode = FALSE
	EndGlobalSection
	GlobalSection(ExtensibilityGlobals) = postSolution
		SolutionGuid = {7EB58453-9E50-4BD0-B291-847E39CF0E20}
	EndGlobalSection
EndGlobal
